<?xml version="1.0" encoding="utf-8"?>
<Project ToolsVersion="4.0" xmlns="http://schemas.microsoft.com/developer/msbuild/2003">
  <ItemGroup>
    <Filter Include="win32">
      <UniqueIdentifier>{84a8ebd7-7cf0-47f6-b75e-d441df67da40}</UniqueIdentifier>
    </Filter>
    <Filter Include="Classes">
      <UniqueIdentifier>{bb6c862e-70e9-49d9-81b7-3829a6f50471}</UniqueIdentifier>
    </Filter>
    <Filter Include="Include">
      <UniqueIdentifier>{150e898f-1dbf-4a6a-a52f-c59b363a217a}</UniqueIdentifier>
    </Filter>
    <Filter Include="Utils">
      <UniqueIdentifier>{f1c9a265-65ff-47aa-a76c-1a7da8e0c109}</UniqueIdentifier>
    </Filter>
  </ItemGroup>
  <ItemGroup>
    <ClCompile Include="main.cpp">
      <Filter>win32</Filter>
    </ClCompile>
    <ClCompile Include="..\Classes\AppDelegate.cpp">
      <Filter>Classes</Filter>
    </ClCompile>
    <ClCompile Include="..\Classes\GameScene.cpp">
      <Filter>Classes</Filter>
    </ClCompile>
    <ClCompile Include="..\Classes\StartMenu.cpp">
      <Filter>Classes</Filter>
    </ClCompile>
    <ClCompile Include="..\Classes\ActionManager.cpp">
      <Filter>Classes</Filter>
    </ClCompile>
    <ClCompile Include="..\Classes\BGLayer.cpp">
      <Filter>Classes</Filter>
    </ClCompile>
    <ClCompile Include="..\Classes\HudLayer.cpp">
      <Filter>Classes</Filter>
    </ClCompile>
    <ClCompile Include="..\Classes\Characters.cpp">
      <Filter>Classes</Filter>
    </ClCompile>
    <ClCompile Include="..\Classes\JoyStick.cpp">
      <Filter>Classes</Filter>
    </ClCompile>
    <ClCompile Include="..\Classes\MyUtils\KTools.cpp">
      <Filter>Utils</Filter>
    </ClCompile>
    <ClCompile Include="..\Classes\ActionButton.cpp">
      <Filter>Classes</Filter>
    </ClCompile>
    <ClCompile Include="..\Classes\Effect.cpp">
      <Filter>Classes</Filter>
    </ClCompile>
    <ClCompile Include="..\Classes\MyUtils\CCShake.cpp">
      <Filter>Utils</Filter>
    </ClCompile>
    <ClCompile Include="..\Classes\PauseLayer.cpp">
      <Filter>Classes</Filter>
    </ClCompile>
    <ClCompile Include="..\Classes\MyUtils\sqlite3.c">
      <Filter>Utils</Filter>
    </ClCompile>
    <ClCompile Include="..\Classes\GameOver.cpp">
      <Filter>Classes</Filter>
    </ClCompile>
    <ClCompile Include="..\Classes\LoadLayer.cpp">
      <Filter>Classes</Filter>
    </ClCompile>
    <ClCompile Include="..\Classes\SelectLayer.cpp">
      <Filter>Classes</Filter>
    </ClCompile>
    <ClCompile Include="..\Classes\CreditsLayer.cpp">
      <Filter>Classes</Filter>
    </ClCompile>
    <ClCompile Include="..\Classes\HPBar.cpp">
      <Filter>Classes</Filter>
    </ClCompile>
    <ClCompile Include="..\Classes\Element.cpp">
      <Filter>Classes</Filter>
    </ClCompile>
    <ClCompile Include="..\Classes\GearLayer.cpp">
      <Filter>Classes</Filter>
    </ClCompile>
    <ClCompile Include="..\Classes\GameLayer.cpp">
      <Filter>Classes</Filter>
    </ClCompile>
    <ClCompile Include="..\Classes\RankingLayer.cpp">
      <Filter>Classes</Filter>
    </ClCompile>
    <ClCompile Include="..\Classes\MyUtils\CCStrokeLabel.cpp">
      <Filter>Utils</Filter>
    </ClCompile>
    <ClCompile Include="..\Classes\MyUtils\MD5ChecksumDefines.cpp">
      <Filter>Utils</Filter>
    </ClCompile>
    <ClCompile Include="..\Classes\MyUtils\CCScrewLayer.cpp">
      <Filter>Utils</Filter>
    </ClCompile>
    <ClCompile Include="..\Classes\SkillLayer.cpp">
      <Filter>Classes</Filter>
    </ClCompile>
    <ClCompile Include="..\Classes\NetworkLayer.cpp">
      <Filter>Classes</Filter>
    </ClCompile>
  </ItemGroup>
  <ItemGroup>
    <ClInclude Include="main.h">
      <Filter>win32</Filter>
    </ClInclude>
    <ClInclude Include="..\Classes\ActionManager.h">
      <Filter>Include</Filter>
    </ClInclude>
    <ClInclude Include="..\Classes\AppDelegate.h">
      <Filter>Include</Filter>
    </ClInclude>
    <ClInclude Include="..\Classes\Defines.h">
      <Filter>Include</Filter>
    </ClInclude>
    <ClInclude Include="..\Classes\BGLayer.h">
      <Filter>Include</Filter>
    </ClInclude>
    <ClInclude Include="..\Classes\GameLayer.h">
      <Filter>Include</Filter>
    </ClInclude>
    <ClInclude Include="..\Classes\GameScene.h">
      <Filter>Include</Filter>
    </ClInclude>
    <ClInclude Include="..\Classes\HudLayer.h">
      <Filter>Include</Filter>
    </ClInclude>
    <ClInclude Include="..\Classes\StartMenu.h">
      <Filter>Include</Filter>
    </ClInclude>
    <ClInclude Include="..\Classes\Characters.h">
      <Filter>Include</Filter>
    </ClInclude>
    <ClInclude Include="..\Classes\JoyStick.h">
      <Filter>Include</Filter>
    </ClInclude>
    <ClInclude Include="..\Classes\MyUtils\CMD5Checksum.h">
      <Filter>Utils</Filter>
    </ClInclude>
    <ClInclude Include="..\Classes\MyUtils\KTools.h">
      <Filter>Utils</Filter>
    </ClInclude>
    <ClInclude Include="..\Classes\ActionButton.h">
      <Filter>Include</Filter>
    </ClInclude>
    <ClInclude Include="..\Classes\Effect.h">
      <Filter>Include</Filter>
    </ClInclude>
    <ClInclude Include="..\classes\myutils\CCShake.h">
      <Filter>Utils</Filter>
    </ClInclude>
    <ClInclude Include="..\Classes\PauseLayer.h">
      <Filter>Include</Filter>
    </ClInclude>
    <ClInclude Include="..\Classes\MyUtils\sqlite3.h">
      <Filter>Utils</Filter>
    </ClInclude>
    <ClInclude Include="..\Classes\MyUtils\sqlite3ext.h">
      <Filter>Utils</Filter>
    </ClInclude>
    <ClInclude Include="..\Classes\GameOver.h">
      <Filter>Include</Filter>
    </ClInclude>
    <ClInclude Include="..\Classes\LoadLayer.h">
      <Filter>Include</Filter>
    </ClInclude>
    <ClInclude Include="..\Classes\SelectLayer.h">
      <Filter>Include</Filter>
    </ClInclude>
    <ClInclude Include="..\Classes\CreditsLayer.h">
      <Filter>Include</Filter>
    </ClInclude>
    <ClInclude Include="..\Classes\HPBar.h">
      <Filter>Include</Filter>
    </ClInclude>
    <ClInclude Include="..\Classes\Element.h">
      <Filter>Include</Filter>
    </ClInclude>
    <ClInclude Include="..\Classes\GearLayer.h">
      <Filter>Include</Filter>
    </ClInclude>
    <ClInclude Include="..\Classes\RankingLayer.h">
      <Filter>Include</Filter>
    </ClInclude>
    <ClInclude Include="..\Classes\MyUtils\CCStrokeLabel.h">
      <Filter>Utils</Filter>
    </ClInclude>
    <ClInclude Include="..\Classes\MyUtils\MD5ChecksumDefines.h">
      <Filter>Utils</Filter>
    </ClInclude>
    <ClInclude Include="..\Classes\MyUtils\CCScrewLayer.h">
      <Filter>Utils</Filter>
    </ClInclude>
    <ClInclude Include="..\Classes\SkillLayer.h">
      <Filter>Include</Filter>
    </ClInclude>
    <ClInclude Include="..\Classes\NetworkLayer.h">
      <Filter>Include</Filter>
    </ClInclude>
  </ItemGroup>
</Project>